
Microsoft Visual Studio Solution File, Format Version 12.00
# Visual Studio Version 17
VisualStudioVersion = 17.11.35303.130
MinimumVisualStudioVersion = 10.0.40219.1
Project("{FAE04EC0-301F-11D3-BF4B-00C04F79EFBC}") = "LibraryHillelEF", "LibraryHillelEF\LibraryHillelEF.csproj", "{4AA72B64-BD40-4301-8CAF-8A33063DE0A7}"
EndProject
Project("{FAE04EC0-301F-11D3-BF4B-00C04F79EFBC}") = "LibraryDAL", "LibraryDAL\LibraryDAL.csproj", "{27E2B567-7714-4147-A30C-FED1B153532C}"
EndProject
Global
	GlobalSection(SolutionConfigurationPlatforms) = preSolution
		Debug|Any CPU = Debug|Any CPU
		Release|Any CPU = Release|Any CPU
	EndGlobalSection
	GlobalSection(ProjectConfigurationPlatforms) = postSolution
		{4AA72B64-BD40-4301-8CAF-8A33063DE0A7}.Debug|Any CPU.ActiveCfg = Debug|Any CPU
		{4AA72B64-BD40-4301-8CAF-8A33063DE0A7}.Debug|Any CPU.Build.0 = Debug|Any CPU
		{4AA72B64-BD40-4301-8CAF-8A33063DE0A7}.Release|Any CPU.ActiveCfg = Release|Any CPU
		{4AA72B64-BD40-4301-8CAF-8A33063DE0A7}.Release|Any CPU.Build.0 = Release|Any CPU
		{27E2B567-7714-4147-A30C-FED1B153532C}.Debug|Any CPU.ActiveCfg = Debug|Any CPU
		{27E2B567-7714-4147-A30C-FED1B153532C}.Debug|Any CPU.Build.0 = Debug|Any CPU
		{27E2B567-7714-4147-A30C-FED1B153532C}.Release|Any CPU.ActiveCfg = Release|Any CPU
		{27E2B567-7714-4147-A30C-FED1B153532C}.Release|Any CPU.Build.0 = Release|Any CPU
	EndGlobalSection
	GlobalSection(SolutionProperties) = preSolution
		HideSolutionNode = FALSE
	EndGlobalSection
	GlobalSection(ExtensibilityGlobals) = postSolution
		SolutionGuid = {E8A2926C-A1BC-423B-B8D5-FE1C36E35DC1}
	EndGlobalSection
EndGlobal
